
Microsoft Visual Studio Solution File, Format Version 12.00
Project("{2150E333-8FDC-42A3-9474-1A3956D46DE8}") = "src", "src", "{A913E508-B8E4-4335-AD35-6FCAAD1A0441}"
EndProject
Project("{FAE04EC0-301F-11D3-BF4B-00C04F79EFBC}") = "Meridian.Core", "src\Meridian.Core\Meridian.Core.csproj", "{CDC010ED-481E-4E92-B87C-731BD508EF52}"
EndProject
Project("{FAE04EC0-301F-11D3-BF4B-00C04F79EFBC}") = "Meridian.Application", "src\Meridian.Application\Meridian.Application.csproj", "{53A30BD8-82FE-443F-9AB5-BFA29ED2BB39}"
EndProject
Project("{FAE04EC0-301F-11D3-BF4B-00C04F79EFBC}") = "Meridian.Infrastructure", "src\Meridian.Infrastructure\Meridian.Infrastructure.csproj", "{207DFA2C-F821-473F-AD21-1BA8D5E6524F}"
EndProject
Project("{FAE04EC0-301F-11D3-BF4B-00C04F79EFBC}") = "Meridian.AspNetCore", "src\Meridian.AspNetCore\Meridian.AspNetCore.csproj", "{DC65BD71-4B4B-4643-AEC4-F616415E070C}"
EndProject
Project("{2150E333-8FDC-42A3-9474-1A3956D46DE8}") = "tests", "tests", "{4D4763C9-0DD7-411D-9CC3-550FBE7A2830}"
EndProject
Project("{FAE04EC0-301F-11D3-BF4B-00C04F79EFBC}") = "Meridian.Core.Tests", "tests\Meridian.Core.Tests\Meridian.Core.Tests.csproj", "{A5247696-ACCA-4DA8-A30A-6AE129BCE445}"
EndProject
Project("{2150E333-8FDC-42A3-9474-1A3956D46DE8}") = "samples", "samples", "{30FDD1C8-D028-42E0-B89D-E78E44A4FAD3}"
EndProject
Project("{FAE04EC0-301F-11D3-BF4B-00C04F79EFBC}") = "LeaveRequestSample", "samples\LeaveRequestSample\LeaveRequestSample.csproj", "{8D64BCFE-5F7A-4986-B4AF-93E99165E5B5}"
EndProject
Global
	GlobalSection(SolutionConfigurationPlatforms) = preSolution
		Debug|Any CPU = Debug|Any CPU
		Release|Any CPU = Release|Any CPU
	EndGlobalSection
	GlobalSection(NestedProjects) = preSolution
		{CDC010ED-481E-4E92-B87C-731BD508EF52} = {A913E508-B8E4-4335-AD35-6FCAAD1A0441}
		{53A30BD8-82FE-443F-9AB5-BFA29ED2BB39} = {A913E508-B8E4-4335-AD35-6FCAAD1A0441}
		{207DFA2C-F821-473F-AD21-1BA8D5E6524F} = {A913E508-B8E4-4335-AD35-6FCAAD1A0441}
		{DC65BD71-4B4B-4643-AEC4-F616415E070C} = {A913E508-B8E4-4335-AD35-6FCAAD1A0441}
		{A5247696-ACCA-4DA8-A30A-6AE129BCE445} = {4D4763C9-0DD7-411D-9CC3-550FBE7A2830}
		{8D64BCFE-5F7A-4986-B4AF-93E99165E5B5} = {30FDD1C8-D028-42E0-B89D-E78E44A4FAD3}
	EndGlobalSection
	GlobalSection(ProjectConfigurationPlatforms) = postSolution
		{CDC010ED-481E-4E92-B87C-731BD508EF52}.Debug|Any CPU.ActiveCfg = Debug|Any CPU
		{CDC010ED-481E-4E92-B87C-731BD508EF52}.Debug|Any CPU.Build.0 = Debug|Any CPU
		{CDC010ED-481E-4E92-B87C-731BD508EF52}.Release|Any CPU.ActiveCfg = Release|Any CPU
		{CDC010ED-481E-4E92-B87C-731BD508EF52}.Release|Any CPU.Build.0 = Release|Any CPU
		{53A30BD8-82FE-443F-9AB5-BFA29ED2BB39}.Debug|Any CPU.ActiveCfg = Debug|Any CPU
		{53A30BD8-82FE-443F-9AB5-BFA29ED2BB39}.Debug|Any CPU.Build.0 = Debug|Any CPU
		{53A30BD8-82FE-443F-9AB5-BFA29ED2BB39}.Release|Any CPU.ActiveCfg = Release|Any CPU
		{53A30BD8-82FE-443F-9AB5-BFA29ED2BB39}.Release|Any CPU.Build.0 = Release|Any CPU
		{207DFA2C-F821-473F-AD21-1BA8D5E6524F}.Debug|Any CPU.ActiveCfg = Debug|Any CPU
		{207DFA2C-F821-473F-AD21-1BA8D5E6524F}.Debug|Any CPU.Build.0 = Debug|Any CPU
		{207DFA2C-F821-473F-AD21-1BA8D5E6524F}.Release|Any CPU.ActiveCfg = Release|Any CPU
		{207DFA2C-F821-473F-AD21-1BA8D5E6524F}.Release|Any CPU.Build.0 = Release|Any CPU
		{DC65BD71-4B4B-4643-AEC4-F616415E070C}.Debug|Any CPU.ActiveCfg = Debug|Any CPU
		{DC65BD71-4B4B-4643-AEC4-F616415E070C}.Debug|Any CPU.Build.0 = Debug|Any CPU
		{DC65BD71-4B4B-4643-AEC4-F616415E070C}.Release|Any CPU.ActiveCfg = Release|Any CPU
		{DC65BD71-4B4B-4643-AEC4-F616415E070C}.Release|Any CPU.Build.0 = Release|Any CPU
		{A5247696-ACCA-4DA8-A30A-6AE129BCE445}.Debug|Any CPU.ActiveCfg = Debug|Any CPU
		{A5247696-ACCA-4DA8-A30A-6AE129BCE445}.Debug|Any CPU.Build.0 = Debug|Any CPU
		{A5247696-ACCA-4DA8-A30A-6AE129BCE445}.Release|Any CPU.ActiveCfg = Release|Any CPU
		{A5247696-ACCA-4DA8-A30A-6AE129BCE445}.Release|Any CPU.Build.0 = Release|Any CPU
		{8D64BCFE-5F7A-4986-B4AF-93E99165E5B5}.Debug|Any CPU.ActiveCfg = Debug|Any CPU
		{8D64BCFE-5F7A-4986-B4AF-93E99165E5B5}.Debug|Any CPU.Build.0 = Debug|Any CPU
		{8D64BCFE-5F7A-4986-B4AF-93E99165E5B5}.Release|Any CPU.ActiveCfg = Release|Any CPU
		{8D64BCFE-5F7A-4986-B4AF-93E99165E5B5}.Release|Any CPU.Build.0 = Release|Any CPU
	EndGlobalSection
EndGlobal
